
Microsoft Visual Studio Solution File, Format Version 12.00
# Visual Studio Version 17
VisualStudioVersion = 17.6.33829.357
MinimumVisualStudioVersion = 10.0.40219.1
Project("{FAE04EC0-301F-11D3-BF4B-00C04F79EFBC}") = "Conesoft.All", "Conesoft.All.csproj", "{87747F33-E48F-4C62-8A21-94DC19A36FC2}"
EndProject
Global
	GlobalSection(SolutionConfigurationPlatforms) = preSolution
		Debug|Any CPU = Debug|Any CPU
		Release|Any CPU = Release|Any CPU
	EndGlobalSection
	GlobalSection(ProjectConfigurationPlatforms) = postSolution
		{87747F33-E48F-4C62-8A21-94DC19A36FC2}.Debug|Any CPU.ActiveCfg = Debug|Any CPU
		{87747F33-E48F-4C62-8A21-94DC19A36FC2}.Debug|Any CPU.Build.0 = Debug|Any CPU
		{87747F33-E48F-4C62-8A21-94DC19A36FC2}.Release|Any CPU.ActiveCfg = Release|Any CPU
		{87747F33-E48F-4C62-8A21-94DC19A36FC2}.Release|Any CPU.Build.0 = Release|Any CPU
	EndGlobalSection
	GlobalSection(SolutionProperties) = preSolution
		HideSolutionNode = FALSE
	EndGlobalSection
	GlobalSection(ExtensibilityGlobals) = postSolution
		SolutionGuid = {0DAEF1DE-72A7-4447-ACBE-D7ED3299D400}
	EndGlobalSection
EndGlobal
